
Microsoft Visual Studio Solution File, Format Version 12.00
# Visual Studio Version 17
VisualStudioVersion = 17.8.34309.116
MinimumVisualStudioVersion = 10.0.40219.1
Project("{FAE04EC0-301F-11D3-BF4B-00C04F79EFBC}") = "CarManufacturer", "CarManufactureр\CarManufacturer.csproj", "{5AAEF295-399F-42C7-8BC2-9CCC107B9558}"
EndProject
Global
	GlobalSection(SolutionConfigurationPlatforms) = preSolution
		Debug|Any CPU = Debug|Any CPU
		Release|Any CPU = Release|Any CPU
	EndGlobalSection
	GlobalSection(ProjectConfigurationPlatforms) = postSolution
		{5AAEF295-399F-42C7-8BC2-9CCC107B9558}.Debug|Any CPU.ActiveCfg = Debug|Any CPU
		{5AAEF295-399F-42C7-8BC2-9CCC107B9558}.Debug|Any CPU.Build.0 = Debug|Any CPU
		{5AAEF295-399F-42C7-8BC2-9CCC107B9558}.Release|Any CPU.ActiveCfg = Release|Any CPU
		{5AAEF295-399F-42C7-8BC2-9CCC107B9558}.Release|Any CPU.Build.0 = Release|Any CPU
	EndGlobalSection
	GlobalSection(SolutionProperties) = preSolution
		HideSolutionNode = FALSE
	EndGlobalSection
	GlobalSection(ExtensibilityGlobals) = postSolution
		SolutionGuid = {241444E8-4D4B-4B56-9EA1-CC1A5FCA5B3D}
	EndGlobalSection
EndGlobal
